
Microsoft Visual Studio Solution File, Format Version 12.00
# Visual Studio Version 16
VisualStudioVersion = 16.0.32510.428
MinimumVisualStudioVersion = 10.0.40219.1
Project("{FAE04EC0-301F-11D3-BF4B-00C04F79EFBC}") = "SAiCSInnovationsAPI 3.0", "SAiCSInnovationsAPI 3.0.csproj", "{BAE7BC11-E9A5-460B-9463-7049347BDCDA}"
EndProject
Global
	GlobalSection(SolutionConfigurationPlatforms) = preSolution
		Debug|Any CPU = Debug|Any CPU
		Release|Any CPU = Release|Any CPU
	EndGlobalSection
	GlobalSection(ProjectConfigurationPlatforms) = postSolution
		{BAE7BC11-E9A5-460B-9463-7049347BDCDA}.Debug|Any CPU.ActiveCfg = Debug|Any CPU
		{BAE7BC11-E9A5-460B-9463-7049347BDCDA}.Debug|Any CPU.Build.0 = Debug|Any CPU
		{BAE7BC11-E9A5-460B-9463-7049347BDCDA}.Release|Any CPU.ActiveCfg = Release|Any CPU
		{BAE7BC11-E9A5-460B-9463-7049347BDCDA}.Release|Any CPU.Build.0 = Release|Any CPU
	EndGlobalSection
	GlobalSection(SolutionProperties) = preSolution
		HideSolutionNode = FALSE
	EndGlobalSection
	GlobalSection(ExtensibilityGlobals) = postSolution
		SolutionGuid = {BEB438AC-7711-47EB-AB18-56B5F82F7796}
	EndGlobalSection
EndGlobal
